
Microsoft Visual Studio Solution File, Format Version 12.00
# Visual Studio Version 17
VisualStudioVersion = 17.7.34031.279
MinimumVisualStudioVersion = 10.0.40219.1
Project("{FAE04EC0-301F-11D3-BF4B-00C04F79EFBC}") = "B3_63135901", "B3_63135901.csproj", "{35E71D62-0BE5-418C-9E9F-EBCCA8935851}"
EndProject
Global
	GlobalSection(SolutionConfigurationPlatforms) = preSolution
		Debug|Any CPU = Debug|Any CPU
		Release|Any CPU = Release|Any CPU
	EndGlobalSection
	GlobalSection(ProjectConfigurationPlatforms) = postSolution
		{35E71D62-0BE5-418C-9E9F-EBCCA8935851}.Debug|Any CPU.ActiveCfg = Debug|Any CPU
		{35E71D62-0BE5-418C-9E9F-EBCCA8935851}.Debug|Any CPU.Build.0 = Debug|Any CPU
		{35E71D62-0BE5-418C-9E9F-EBCCA8935851}.Release|Any CPU.ActiveCfg = Release|Any CPU
		{35E71D62-0BE5-418C-9E9F-EBCCA8935851}.Release|Any CPU.Build.0 = Release|Any CPU
	EndGlobalSection
	GlobalSection(SolutionProperties) = preSolution
		HideSolutionNode = FALSE
	EndGlobalSection
	GlobalSection(ExtensibilityGlobals) = postSolution
		SolutionGuid = {971DDA94-B9BC-4F5E-9634-066FD06ADC70}
	EndGlobalSection
EndGlobal
