
Microsoft Visual Studio Solution File, Format Version 12.00
# Visual Studio Version 17
VisualStudioVersion = 17.3.32901.215
MinimumVisualStudioVersion = 10.0.40219.1
Project("{FAE04EC0-301F-11D3-BF4B-00C04F79EFBC}") = "WebApplication1", "WebApplication1.csproj", "{70F71DD1-076B-4C87-8FC1-D4C8B663D7F4}"
EndProject
Global
	GlobalSection(SolutionConfigurationPlatforms) = preSolution
		Debug|Any CPU = Debug|Any CPU
		Release|Any CPU = Release|Any CPU
	EndGlobalSection
	GlobalSection(ProjectConfigurationPlatforms) = postSolution
		{70F71DD1-076B-4C87-8FC1-D4C8B663D7F4}.Debug|Any CPU.ActiveCfg = Debug|Any CPU
		{70F71DD1-076B-4C87-8FC1-D4C8B663D7F4}.Debug|Any CPU.Build.0 = Debug|Any CPU
		{70F71DD1-076B-4C87-8FC1-D4C8B663D7F4}.Release|Any CPU.ActiveCfg = Release|Any CPU
		{70F71DD1-076B-4C87-8FC1-D4C8B663D7F4}.Release|Any CPU.Build.0 = Release|Any CPU
	EndGlobalSection
	GlobalSection(SolutionProperties) = preSolution
		HideSolutionNode = FALSE
	EndGlobalSection
	GlobalSection(ExtensibilityGlobals) = postSolution
		SolutionGuid = {2829D7D6-3776-4AAE-8043-204708500E0F}
	EndGlobalSection
EndGlobal
