
Microsoft Visual Studio Solution File, Format Version 12.00
# Visual Studio Version 17
VisualStudioVersion = 17.7.34031.279
MinimumVisualStudioVersion = 10.0.40219.1
Project("{FAE04EC0-301F-11D3-BF4B-00C04F79EFBC}") = "BaiTap1_63135901", "BaiTap1_63135901.csproj", "{B144D3FE-9DD5-478C-8E89-41C1462EFB2A}"
EndProject
Global
	GlobalSection(SolutionConfigurationPlatforms) = preSolution
		Debug|Any CPU = Debug|Any CPU
		Release|Any CPU = Release|Any CPU
	EndGlobalSection
	GlobalSection(ProjectConfigurationPlatforms) = postSolution
		{B144D3FE-9DD5-478C-8E89-41C1462EFB2A}.Debug|Any CPU.ActiveCfg = Debug|Any CPU
		{B144D3FE-9DD5-478C-8E89-41C1462EFB2A}.Debug|Any CPU.Build.0 = Debug|Any CPU
		{B144D3FE-9DD5-478C-8E89-41C1462EFB2A}.Release|Any CPU.ActiveCfg = Release|Any CPU
		{B144D3FE-9DD5-478C-8E89-41C1462EFB2A}.Release|Any CPU.Build.0 = Release|Any CPU
	EndGlobalSection
	GlobalSection(SolutionProperties) = preSolution
		HideSolutionNode = FALSE
	EndGlobalSection
	GlobalSection(ExtensibilityGlobals) = postSolution
		SolutionGuid = {38EE9B83-1B05-4BAC-8A6C-C939D416CA19}
	EndGlobalSection
EndGlobal
